Microsoft Visual Studio Solution File, Format Version 12.00
# Visual Studio Version 16
VisualStudioVersion = 16.0.29318.209
MinimumVisualStudioVersion = 10.0.40219.1
Project("{FAE04EC0-301F-11D3-BF4B-00C04F79EFBC}") = "StudentTestScores", "Lab04StudentTestScores\StudentTestScores.csproj", "{AC1E0847-41A7-482C-9B33-E9EB23CD4BA3}"
EndProject
Global
	GlobalSection(SolutionConfigurationPlatforms) = preSolution
		Debug|Any CPU = Debug|Any CPU
		Release|Any CPU = Release|Any CPU
	EndGlobalSection
	GlobalSection(ProjectConfigurationPlatforms) = postSolution
		{AC1E0847-41A7-482C-9B33-E9EB23CD4BA3}.Debug|Any CPU.ActiveCfg = Debug|Any CPU
		{AC1E0847-41A7-482C-9B33-E9EB23CD4BA3}.Debug|Any CPU.Build.0 = Debug|Any CPU
		{AC1E0847-41A7-482C-9B33-E9EB23CD4BA3}.Release|Any CPU.ActiveCfg = Release|Any CPU
		{AC1E0847-41A7-482C-9B33-E9EB23CD4BA3}.Release|Any CPU.Build.0 = Release|Any CPU
	EndGlobalSection
	GlobalSection(SolutionProperties) = preSolution
		HideSolutionNode = FALSE
	EndGlobalSection
	GlobalSection(ExtensibilityGlobals) = postSolution
		SolutionGuid = {3090D02F-9179-4844-B648-28ABA3658143}
	EndGlobalSection
EndGlobal
