Microsoft Visual Studio Solution File, Format Version 12.00
# Visual Studio 15
VisualStudioVersion = 15.0.26430.16
MinimumVisualStudioVersion = 10.0.40219.1
Project("{00D1A9C2-B5F0-4AF3-8072-F6C62B433612}") = "StudentRegistration", "StudentRegistration\StudentRegistration.sqlproj", "{7FDF8CD0-85F6-44E3-8172-CF8B682CFD19}"
EndProject
Project("{FAE04EC0-301F-11D3-BF4B-00C04F79EFBC}") = "StudentRegistrationApp", "StudentRegistrationApp\StudentRegistrationApp.csproj", "{70EB6910-4DE8-4CD3-937F-A14F68BF938E}"
EndProject
Project("{FAE04EC0-301F-11D3-BF4B-00C04F79EFBC}") = "DataTableAccessLayer", "DataTableAccessLayer\DataTableAccessLayer.csproj", "{028FFA72-FA66-4BFD-ABB7-672DD1C9D5A1}"
EndProject
Global
	GlobalSection(SolutionConfigurationPlatforms) = preSolution
		Debug|Any CPU = Debug|Any CPU
		Release|Any CPU = Release|Any CPU
	EndGlobalSection
	GlobalSection(ProjectConfigurationPlatforms) = postSolution
		{7FDF8CD0-85F6-44E3-8172-CF8B682CFD19}.Debug|Any CPU.ActiveCfg = Debug|Any CPU
		{7FDF8CD0-85F6-44E3-8172-CF8B682CFD19}.Debug|Any CPU.Build.0 = Debug|Any CPU
		{7FDF8CD0-85F6-44E3-8172-CF8B682CFD19}.Debug|Any CPU.Deploy.0 = Debug|Any CPU
		{7FDF8CD0-85F6-44E3-8172-CF8B682CFD19}.Release|Any CPU.ActiveCfg = Debug|Any CPU
		{7FDF8CD0-85F6-44E3-8172-CF8B682CFD19}.Release|Any CPU.Build.0 = Debug|Any CPU
		{7FDF8CD0-85F6-44E3-8172-CF8B682CFD19}.Release|Any CPU.Deploy.0 = Debug|Any CPU
		{70EB6910-4DE8-4CD3-937F-A14F68BF938E}.Debug|Any CPU.ActiveCfg = Debug|Any CPU
		{70EB6910-4DE8-4CD3-937F-A14F68BF938E}.Debug|Any CPU.Build.0 = Debug|Any CPU
		{70EB6910-4DE8-4CD3-937F-A14F68BF938E}.Release|Any CPU.ActiveCfg = Release|Any CPU
		{70EB6910-4DE8-4CD3-937F-A14F68BF938E}.Release|Any CPU.Build.0 = Release|Any CPU
		{028FFA72-FA66-4BFD-ABB7-672DD1C9D5A1}.Debug|Any CPU.ActiveCfg = Debug|Any CPU
		{028FFA72-FA66-4BFD-ABB7-672DD1C9D5A1}.Debug|Any CPU.Build.0 = Debug|Any CPU
		{028FFA72-FA66-4BFD-ABB7-672DD1C9D5A1}.Release|Any CPU.ActiveCfg = Release|Any CPU
		{028FFA72-FA66-4BFD-ABB7-672DD1C9D5A1}.Release|Any CPU.Build.0 = Release|Any CPU
	EndGlobalSection
	GlobalSection(SolutionProperties) = preSolution
		HideSolutionNode = FALSE
	EndGlobalSection
	GlobalSection(ExtensibilityGlobals) = postSolution
		SolutionGuid = {35011241-7924-4082-A535-EB11EBB4FCBD}
	EndGlobalSection
EndGlobal
